
- name: clearing these lines from device
  debug:
    msg: "{{ clear_lines }}"
  tags: 
    - clearing_up
    - debug

- name: clear config from device - lines not expected
  ios_config:
      lines: "{{ clear_lines }}"
      parents: "{{ ios_block_search_start }}"
      running_config: ""
      after: "\r"
  tags:
    - clearing_up
  when: not ios_testing_only | bool

- name: pushing these lines to device
  debug:
    msg: "{{ push_lines }}"
  tags: 
    - push_config
    - debug

- name: push missing config to device - lines expected but missing
  ios_config:
    lines: "{{ push_lines }}"
    parents: "{{ ios_block_search_start }}"
    running_config: ""
  tags:
   -  push_config
  when: not ios_testing_only | bool


